
Microsoft Visual Studio Solution File, Format Version 12.00
# Visual Studio Version 17
VisualStudioVersion = 17.5.33530.505
MinimumVisualStudioVersion = 10.0.40219.1
Project("{FAE04EC0-301F-11D3-BF4B-00C04F79EFBC}") = "Utils", "Utils\Utils.csproj", "{0ECA1CD6-4E85-406D-B46D-E3422F77FD6A}"
EndProject
Global
	GlobalSection(SolutionConfigurationPlatforms) = preSolution
		Debug|Any CPU = Debug|Any CPU
		Release|Any CPU = Release|Any CPU
	EndGlobalSection
	GlobalSection(ProjectConfigurationPlatforms) = postSolution
		{0ECA1CD6-4E85-406D-B46D-E3422F77FD6A}.Debug|Any CPU.ActiveCfg = Debug R21|Any CPU
		{0ECA1CD6-4E85-406D-B46D-E3422F77FD6A}.Debug|Any CPU.Build.0 = Debug R21|Any CPU
		{0ECA1CD6-4E85-406D-B46D-E3422F77FD6A}.Release|Any CPU.ActiveCfg = Release R21|Any CPU
		{0ECA1CD6-4E85-406D-B46D-E3422F77FD6A}.Release|Any CPU.Build.0 = Release R21|Any CPU
	EndGlobalSection
	GlobalSection(SolutionProperties) = preSolution
		HideSolutionNode = FALSE
	EndGlobalSection
	GlobalSection(ExtensibilityGlobals) = postSolution
		SolutionGuid = {FED36384-FBF6-4C0C-BA53-05F0E6FA82F2}
	EndGlobalSection
EndGlobal
